
Microsoft Visual Studio Solution File, Format Version 12.00
# Visual Studio Version 17
VisualStudioVersion = 17.7.34018.315
MinimumVisualStudioVersion = 10.0.40219.1
Project("{9A19103F-16F7-4668-BE54-9A1E7A4F7556}") = "SupportCenter.EmployeeManager", "SupportCenter.EmployeeManager\SupportCenter.EmployeeManager.csproj", "{2168928C-1CD0-4C59-B6FA-472E2655F1AD}"
EndProject
Global
	GlobalSection(SolutionConfigurationPlatforms) = preSolution
		Debug|Any CPU = Debug|Any CPU
		Release|Any CPU = Release|Any CPU
	EndGlobalSection
	GlobalSection(ProjectConfigurationPlatforms) = postSolution
		{2168928C-1CD0-4C59-B6FA-472E2655F1AD}.Debug|Any CPU.ActiveCfg = Debug|Any CPU
		{2168928C-1CD0-4C59-B6FA-472E2655F1AD}.Debug|Any CPU.Build.0 = Debug|Any CPU
		{2168928C-1CD0-4C59-B6FA-472E2655F1AD}.Release|Any CPU.ActiveCfg = Release|Any CPU
		{2168928C-1CD0-4C59-B6FA-472E2655F1AD}.Release|Any CPU.Build.0 = Release|Any CPU
	EndGlobalSection
	GlobalSection(SolutionProperties) = preSolution
		HideSolutionNode = FALSE
	EndGlobalSection
	GlobalSection(ExtensibilityGlobals) = postSolution
		SolutionGuid = {A07C3080-621E-4C8D-BDCE-31F93B5A356F}
	EndGlobalSection
EndGlobal
